
Microsoft Visual Studio Solution File, Format Version 12.00
# Visual Studio Version 17
VisualStudioVersion = 17.4.33213.308
MinimumVisualStudioVersion = 10.0.40219.1
Project("{9A19103F-16F7-4668-BE54-9A1E7A4F7556}") = "SinghxRaj.Flashcards", "SinghxRaj.Flashcards\SinghxRaj.Flashcards.csproj", "{DB38F39F-3385-48CB-AE0E-7BDC66C1A198}"
EndProject
Project("{FAE04EC0-301F-11D3-BF4B-00C04F79EFBC}") = "SinghxRaj.FlashCardTests", "FlashCardTests\SinghxRaj.FlashCardTests.csproj", "{B4B1DFC2-4750-45F7-9E18-306B44CF2ED9}"
EndProject
Global
	GlobalSection(SolutionConfigurationPlatforms) = preSolution
		Debug|Any CPU = Debug|Any CPU
		Release|Any CPU = Release|Any CPU
	EndGlobalSection
	GlobalSection(ProjectConfigurationPlatforms) = postSolution
		{DB38F39F-3385-48CB-AE0E-7BDC66C1A198}.Debug|Any CPU.ActiveCfg = Debug|Any CPU
		{DB38F39F-3385-48CB-AE0E-7BDC66C1A198}.Debug|Any CPU.Build.0 = Debug|Any CPU
		{DB38F39F-3385-48CB-AE0E-7BDC66C1A198}.Release|Any CPU.ActiveCfg = Release|Any CPU
		{DB38F39F-3385-48CB-AE0E-7BDC66C1A198}.Release|Any CPU.Build.0 = Release|Any CPU
		{B4B1DFC2-4750-45F7-9E18-306B44CF2ED9}.Debug|Any CPU.ActiveCfg = Debug|Any CPU
		{B4B1DFC2-4750-45F7-9E18-306B44CF2ED9}.Debug|Any CPU.Build.0 = Debug|Any CPU
		{B4B1DFC2-4750-45F7-9E18-306B44CF2ED9}.Release|Any CPU.ActiveCfg = Release|Any CPU
		{B4B1DFC2-4750-45F7-9E18-306B44CF2ED9}.Release|Any CPU.Build.0 = Release|Any CPU
	EndGlobalSection
	GlobalSection(SolutionProperties) = preSolution
		HideSolutionNode = FALSE
	EndGlobalSection
	GlobalSection(ExtensibilityGlobals) = postSolution
		SolutionGuid = {7F7BCE61-1B32-4D09-A727-983335525785}
	EndGlobalSection
EndGlobal
